{
    "version": 3,
    "terraform_version": "0.11.12",
    "serial": 4,
    "lineage": "d88c08b0-9cf6-b636-7e00-587fe6553938",
    "modules": [
        {
            "path": [
                "root"
            ],
            "outputs": {},
            "resources": {
                "aws_instance.demo": {
                    "type": "aws_instance",
                    "depends_on": [],
                    "primary": {
                        "id": "i-0ebc24163b994f01e",
                        "attributes": {
                            "ami": "ami-08692d171e3cf02d6",
                            "arn": "arn:aws:ec2:us-west-2:187416307283:instance/i-0ebc24163b994f01e",
                            "associate_public_ip_address": "false",
                            "availability_zone": "us-west-2b",
                            "cpu_core_count": "1",
                            "cpu_threads_per_core": "1",
                            "credit_specification.#": "1",
                            "credit_specification.0.cpu_credits": "standard",
                            "disable_api_termination": "false",
                            "ebs_block_device.#": "0",
                            "ebs_optimized": "false",
                            "ephemeral_block_device.#": "0",
                            "get_password_data": "false",
                            "iam_instance_profile": "",
                            "id": "i-0ebc24163b994f01e",
                            "instance_state": "running",
                            "instance_type": "t2.micro",
                            "ipv6_address_count": "0",
                            "ipv6_addresses.#": "0",
                            "key_name": "",
                            "monitoring": "false",
                            "network_interface.#": "0",
                            "password_data": "",
                            "placement_group": "",
                            "primary_network_interface_id": "eni-0d7b8ff3dff5f5fbe",
                            "private_dns": "ip-172-31-12-69.us-west-2.compute.internal",
                            "private_ip": "172.31.12.69",
                            "public_dns": "",
                            "public_ip": "",
                            "root_block_device.#": "1",
                            "root_block_device.0.delete_on_termination": "true",
                            "root_block_device.0.encrypted": "false",
                            "root_block_device.0.iops": "100",
                            "root_block_device.0.kms_key_id": "",
                            "root_block_device.0.volume_id": "vol-05c780dfdfd9390ab",
                            "root_block_device.0.volume_size": "8",
                            "root_block_device.0.volume_type": "gp2",
                            "security_groups.#": "1",
                            "security_groups.3814588639": "default",
                            "source_dest_check": "true",
                            "subnet_id": "subnet-0dfb8fd435d811582",
                            "tags.%": "1",
                            "tags.Name": "web-1",
                            "tenancy": "default",
                            "volume_tags.%": "0",
                            "vpc_security_group_ids.#": "1",
                            "vpc_security_group_ids.81746784": "sg-1ca59078"
                        },
                        "meta": {
                            "e2bfb730-ecaa-11e6-8f88-34363bc7c4c0": {
                                "create": 600000000000,
                                "delete": 1200000000000,
                                "update": 600000000000
                            },
                            "schema_version": "1"
                        },
                        "tainted": false
                    },
                    "deposed": [],
                    "provider": "provider.aws"
                },
                "jira_issue.example": {
                    "type": "jira_issue",
                    "depends_on": [
                        "aws_instance.demo"
                    ],
                    "primary": {
                        "id": "10000",
                        "attributes": {
                            "description": "Web Server IPs: ",
                            "id": "10000",
                            "issue_key": "INFRA-1",
                            "issue_type": "Task",
                            "project_key": "INFRA",
                            "reporter": "anubhavmishra",
                            "state": "10000",
                            "summary": "Created using Terraform"
                        },
                        "meta": {},
                        "tainted": false
                    },
                    "deposed": [],
                    "provider": "provider.jira"
                }
            },
            "depends_on": []
        }
    ]
}
